# THIS IS AN AUTOGENERATED FILE. DO NOT EDIT THIS FILE DIRECTLY.
# yarn lockfile v1


wretch@^1.7.1:
  version "1.7.1"
  resolved "https://registry.yarnpkg.com/wretch/-/wretch-1.7.1.tgz#3e1482d7beaa845fe2c8459f319cbfecac5d47f3"
  integrity sha512-2ki4IUOnXVUtjDaJD/ts6ImpDMd0WWl5tolO8RG/aYD77S2cwekG7TKtQBRAXdDZYKUDwbnu6WfMCFA+HqPKWw==
